// !$*UTF8*$!
{
	archiveVersion = 1;
	classes = {
	};
	objectVersion = 51;
	objects = {

/* Begin PBXBuildFile section */
		916DBD97268A144700CC62BE /* AppDelegate.swift in Sources */ = {isa = PBXBuildFile; fileRef = 916DBD96268A144700CC62BE /* AppDelegate.swift */; };
		916DBDA0268A144A00CC62BE /* Assets.xcassets in Resources */ = {isa = PBXBuildFile; fileRef = 916DBD9F268A144A00CC62BE /* Assets.xcassets */; };
		916DBDA3268A144A00CC62BE /* LaunchScreen.storyboard in Resources */ = {isa = PBXBuildFile; fileRef = 916DBDA1268A144A00CC62BE /* LaunchScreen.storyboard */; };
		916DBDB2268A169700CC62BE /* TabBarViewController.swift in Sources */ = {isa = PBXBuildFile; fileRef = 916DBDB1268A169700CC62BE /* TabBarViewController.swift */; };
		916DBDB4268A178400CC62BE /* TabBarBuilder.swift in Sources */ = {isa = PBXBuildFile; fileRef = 916DBDB3268A178400CC62BE /* TabBarBuilder.swift */; };
		916DBDB6268A17A100CC62BE /* TabBar+State.swift in Sources */ = {isa = PBXBuildFile; fileRef = 916DBDB5268A17A100CC62BE /* TabBar+State.swift */; };
		916DBDBA268A18BB00CC62BE /* ModuleBuilderProtocol.swift in Sources */ = {isa = PBXBuildFile; fileRef = 916DBDB9268A18BB00CC62BE /* ModuleBuilderProtocol.swift */; };
		918BBB59268A1BED005AA04F /* Assets.swift in Sources */ = {isa = PBXBuildFile; fileRef = 918BBB58268A1BED005AA04F /* Assets.swift */; };
		C02B170E763392328429F113 /* Pods_Jusan_Test.framework in Frameworks */ = {isa = PBXBuildFile; fileRef = 0B17DFB34B41DF4A3BB762E1 /* Pods_Jusan_Test.framework */; };
/* End PBXBuildFile section */

/* Begin PBXFileReference section */
		0B17DFB34B41DF4A3BB762E1 /* Pods_Jusan_Test.framework */ = {isa = PBXFileReference; explicitFileType = wrapper.framework; includeInIndex = 0; path = Pods_Jusan_Test.framework; sourceTree = BUILT_PRODUCTS_DIR; };
		2B6931240ADEBC224D391CD0 /* Pods-Jusan Test.debug.xcconfig */ = {isa = PBXFileReference; includeInIndex = 1; lastKnownFileType = text.xcconfig; name = "Pods-Jusan Test.debug.xcconfig"; path = "Target Support Files/Pods-Jusan Test/Pods-Jusan Test.debug.xcconfig"; sourceTree = "<group>"; };
		916DBD93268A144700CC62BE /* Jusan Test.app */ = {isa = PBXFileReference; explicitFileType = wrapper.application; includeInIndex = 0; path = "Jusan Test.app"; sourceTree = BUILT_PRODUCTS_DIR; };
		916DBD96268A144700CC62BE /* AppDelegate.swift */ = {isa = PBXFileReference; lastKnownFileType = sourcecode.swift; path = AppDelegate.swift; sourceTree = "<group>"; };
		916DBD9F268A144A00CC62BE /* Assets.xcassets */ = {isa = PBXFileReference; lastKnownFileType = folder.assetcatalog; path = Assets.xcassets; sourceTree = "<group>"; };
		916DBDA2268A144A00CC62BE /* Base */ = {isa = PBXFileReference; lastKnownFileType = file.storyboard; name = Base; path = Base.lproj/LaunchScreen.storyboard; sourceTree = "<group>"; };
		916DBDA4268A144A00CC62BE /* Info.plist */ = {isa = PBXFileReference; lastKnownFileType = text.plist.xml; path = Info.plist; sourceTree = "<group>"; };
		916DBDB1268A169700CC62BE /* TabBarViewController.swift */ = {isa = PBXFileReference; lastKnownFileType = sourcecode.swift; path = TabBarViewController.swift; sourceTree = "<group>"; };
		916DBDB3268A178400CC62BE /* TabBarBuilder.swift */ = {isa = PBXFileReference; lastKnownFileType = sourcecode.swift; path = TabBarBuilder.swift; sourceTree = "<group>"; };
		916DBDB5268A17A100CC62BE /* TabBar+State.swift */ = {isa = PBXFileReference; lastKnownFileType = sourcecode.swift; path = "TabBar+State.swift"; sourceTree = "<group>"; };
		916DBDB9268A18BB00CC62BE /* ModuleBuilderProtocol.swift */ = {isa = PBXFileReference; lastKnownFileType = sourcecode.swift; path = ModuleBuilderProtocol.swift; sourceTree = "<group>"; };
		918BBB58268A1BED005AA04F /* Assets.swift */ = {isa = PBXFileReference; fileEncoding = 4; lastKnownFileType = sourcecode.swift; path = Assets.swift; sourceTree = SOURCE_ROOT; };
		FF0F6AE346818163759A5010 /* Pods-Jusan Test.release.xcconfig */ = {isa = PBXFileReference; includeInIndex = 1; lastKnownFileType = text.xcconfig; name = "Pods-Jusan Test.release.xcconfig"; path = "Target Support Files/Pods-Jusan Test/Pods-Jusan Test.release.xcconfig"; sourceTree = "<group>"; };
/* End PBXFileReference section */

/* Begin PBXFrameworksBuildPhase section */
		916DBD90268A144700CC62BE /* Frameworks */ = {
			isa = PBXFrameworksBuildPhase;
			buildActionMask = 2147483647;
			files = (
				C02B170E763392328429F113 /* Pods_Jusan_Test.framework in Frameworks */,
			);
			runOnlyForDeploymentPostprocessing = 0;
		};
/* End PBXFrameworksBuildPhase section */

/* Begin PBXGroup section */
		22E2967BC349AFAD816159C5 /* Frameworks */ = {
			isa = PBXGroup;
			children = (
				0B17DFB34B41DF4A3BB762E1 /* Pods_Jusan_Test.framework */,
			);
			name = Frameworks;
			sourceTree = "<group>";
		};
		5F652A2C557EB986FDA3F1EB /* Pods */ = {
			isa = PBXGroup;
			children = (
				2B6931240ADEBC224D391CD0 /* Pods-Jusan Test.debug.xcconfig */,
				FF0F6AE346818163759A5010 /* Pods-Jusan Test.release.xcconfig */,
			);
			path = Pods;
			sourceTree = "<group>";
		};
		916DBD8A268A144600CC62BE = {
			isa = PBXGroup;
			children = (
				916DBD95268A144700CC62BE /* Jusan Test */,
				916DBD94268A144700CC62BE /* Products */,
				5F652A2C557EB986FDA3F1EB /* Pods */,
				22E2967BC349AFAD816159C5 /* Frameworks */,
			);
			sourceTree = "<group>";
		};
		916DBD94268A144700CC62BE /* Products */ = {
			isa = PBXGroup;
			children = (
				916DBD93268A144700CC62BE /* Jusan Test.app */,
			);
			name = Products;
			sourceTree = "<group>";
		};
		916DBD95268A144700CC62BE /* Jusan Test */ = {
			isa = PBXGroup;
			children = (
				916DBDAA268A149600CC62BE /* Application */,
				916DBDAC268A14A400CC62BE /* Scenes */,
				916DBDAE268A14B900CC62BE /* Supporting Files */,
			);
			path = "Jusan Test";
			sourceTree = "<group>";
		};
		916DBDAA268A149600CC62BE /* Application */ = {
			isa = PBXGroup;
			children = (
				916DBDAB268A149B00CC62BE /* AppDelegate */,
			);
			path = Application;
			sourceTree = "<group>";
		};
		916DBDAB268A149B00CC62BE /* AppDelegate */ = {
			isa = PBXGroup;
			children = (
				916DBD96268A144700CC62BE /* AppDelegate.swift */,
			);
			path = AppDelegate;
			sourceTree = "<group>";
		};
		916DBDAC268A14A400CC62BE /* Scenes */ = {
			isa = PBXGroup;
			children = (
				916DBDB7268A18A700CC62BE /* Common */,
				916DBDAD268A14AD00CC62BE /* Launch Screen */,
				916DBDAF268A167D00CC62BE /* TabBar */,
			);
			path = Scenes;
			sourceTree = "<group>";
		};
		916DBDAD268A14AD00CC62BE /* Launch Screen */ = {
			isa = PBXGroup;
			children = (
				916DBDA1268A144A00CC62BE /* LaunchScreen.storyboard */,
			);
			path = "Launch Screen";
			sourceTree = "<group>";
		};
		916DBDAE268A14B900CC62BE /* Supporting Files */ = {
			isa = PBXGroup;
			children = (
				918BBB57268A1BD4005AA04F /* Assets */,
				916DBDA4268A144A00CC62BE /* Info.plist */,
			);
			path = "Supporting Files";
			sourceTree = "<group>";
		};
		916DBDAF268A167D00CC62BE /* TabBar */ = {
			isa = PBXGroup;
			children = (
				916DBDB0268A168800CC62BE /* Controller */,
				916DBDB3268A178400CC62BE /* TabBarBuilder.swift */,
			);
			path = TabBar;
			sourceTree = "<group>";
		};
		916DBDB0268A168800CC62BE /* Controller */ = {
			isa = PBXGroup;
			children = (
				916DBDB1268A169700CC62BE /* TabBarViewController.swift */,
				916DBDB5268A17A100CC62BE /* TabBar+State.swift */,
			);
			path = Controller;
			sourceTree = "<group>";
		};
		916DBDB7268A18A700CC62BE /* Common */ = {
			isa = PBXGroup;
			children = (
				916DBDB8268A18AD00CC62BE /* Protocols */,
			);
			path = Common;
			sourceTree = "<group>";
		};
		916DBDB8268A18AD00CC62BE /* Protocols */ = {
			isa = PBXGroup;
			children = (
				916DBDB9268A18BB00CC62BE /* ModuleBuilderProtocol.swift */,
			);
			path = Protocols;
			sourceTree = "<group>";
		};
		918BBB57268A1BD4005AA04F /* Assets */ = {
			isa = PBXGroup;
			children = (
				918BBB58268A1BED005AA04F /* Assets.swift */,
				916DBD9F268A144A00CC62BE /* Assets.xcassets */,
			);
			path = Assets;
			sourceTree = "<group>";
		};
/* End PBXGroup section */

/* Begin PBXNativeTarget section */
		916DBD92268A144700CC62BE /* Jusan Test */ = {
			isa = PBXNativeTarget;
			buildConfigurationList = 916DBDA7268A144A00CC62BE /* Build configuration list for PBXNativeTarget "Jusan Test" */;
			buildPhases = (
				ADCD57DA1995F899C35BCC37 /* [CP] Check Pods Manifest.lock */,
				916DBD8F268A144700CC62BE /* Sources */,
				916DBD90268A144700CC62BE /* Frameworks */,
				916DBD91268A144700CC62BE /* Resources */,
				F62C7AC0D83473C6AC3A2A2D /* [CP] Embed Pods Frameworks */,
			);
			buildRules = (
			);
			dependencies = (
			);
			name = "Jusan Test";
			productName = "Jusan Test";
			productReference = 916DBD93268A144700CC62BE /* Jusan Test.app */;
			productType = "com.apple.product-type.application";
		};
/* End PBXNativeTarget section */

/* Begin PBXProject section */
		916DBD8B268A144700CC62BE /* Project object */ = {
			isa = PBXProject;
			attributes = {
				LastSwiftUpdateCheck = 1250;
				LastUpgradeCheck = 1250;
				TargetAttributes = {
					916DBD92268A144700CC62BE = {
						CreatedOnToolsVersion = 12.5;
					};
				};
			};
			buildConfigurationList = 916DBD8E268A144700CC62BE /* Build configuration list for PBXProject "Jusan Test" */;
			compatibilityVersion = "Xcode 9.3";
			developmentRegion = en;
			hasScannedForEncodings = 0;
			knownRegions = (
				en,
				Base,
			);
			mainGroup = 916DBD8A268A144600CC62BE;
			productRefGroup = 916DBD94268A144700CC62BE /* Products */;
			projectDirPath = "";
			projectRoot = "";
			targets = (
				916DBD92268A144700CC62BE /* Jusan Test */,
			);
		};
/* End PBXProject section */

/* Begin PBXResourcesBuildPhase section */
		916DBD91268A144700CC62BE /* Resources */ = {
			isa = PBXResourcesBuildPhase;
			buildActionMask = 2147483647;
			files = (
				916DBDA3268A144A00CC62BE /* LaunchScreen.storyboard in Resources */,
				916DBDA0268A144A00CC62BE /* Assets.xcassets in Resources */,
			);
			runOnlyForDeploymentPostprocessing = 0;
		};
/* End PBXResourcesBuildPhase section */

/* Begin PBXShellScriptBuildPhase section */
		ADCD57DA1995F899C35BCC37 /* [CP] Check Pods Manifest.lock */ = {
			isa = PBXShellScriptBuildPhase;
			buildActionMask = 2147483647;
			files = (
			);
			inputFileListPaths = (
			);
			inputPaths = (
				"${PODS_PODFILE_DIR_PATH}/Podfile.lock",
				"${PODS_ROOT}/Manifest.lock",
			);
			name = "[CP] Check Pods Manifest.lock";
			outputFileListPaths = (
			);
			outputPaths = (
				"$(DERIVED_FILE_DIR)/Pods-Jusan Test-checkManifestLockResult.txt",
			);
			runOnlyForDeploymentPostprocessing = 0;
			shellPath = /bin/sh;
			shellScript = "diff \"${PODS_PODFILE_DIR_PATH}/Podfile.lock\" \"${PODS_ROOT}/Manifest.lock\" > /dev/null\nif [ $? != 0 ] ; then\n    # print error to STDERR\n    echo \"error: The sandbox is not in sync with the Podfile.lock. Run 'pod install' or update your CocoaPods installation.\" >&2\n    exit 1\nfi\n# This output is used by Xcode 'outputs' to avoid re-running this script phase.\necho \"SUCCESS\" > \"${SCRIPT_OUTPUT_FILE_0}\"\n";
			showEnvVarsInLog = 0;
		};
		F62C7AC0D83473C6AC3A2A2D /* [CP] Embed Pods Frameworks */ = {
			isa = PBXShellScriptBuildPhase;
			buildActionMask = 2147483647;
			files = (
			);
			inputFileListPaths = (
				"${PODS_ROOT}/Target Support Files/Pods-Jusan Test/Pods-Jusan Test-frameworks-${CONFIGURATION}-input-files.xcfilelist",
			);
			name = "[CP] Embed Pods Frameworks";
			outputFileListPaths = (
				"${PODS_ROOT}/Target Support Files/Pods-Jusan Test/Pods-Jusan Test-frameworks-${CONFIGURATION}-output-files.xcfilelist",
			);
			runOnlyForDeploymentPostprocessing = 0;
			shellPath = /bin/sh;
			shellScript = "\"${PODS_ROOT}/Target Support Files/Pods-Jusan Test/Pods-Jusan Test-frameworks.sh\"\n";
			showEnvVarsInLog = 0;
		};
/* End PBXShellScriptBuildPhase section */

/* Begin PBXSourcesBuildPhase section */
		916DBD8F268A144700CC62BE /* Sources */ = {
			isa = PBXSourcesBuildPhase;
			buildActionMask = 2147483647;
			files = (
				916DBDB4268A178400CC62BE /* TabBarBuilder.swift in Sources */,
				916DBDB2268A169700CC62BE /* TabBarViewController.swift in Sources */,
				918BBB59268A1BED005AA04F /* Assets.swift in Sources */,
				916DBDB6268A17A100CC62BE /* TabBar+State.swift in Sources */,
				916DBD97268A144700CC62BE /* AppDelegate.swift in Sources */,
				916DBDBA268A18BB00CC62BE /* ModuleBuilderProtocol.swift in Sources */,
			);
			runOnlyForDeploymentPostprocessing = 0;
		};
/* End PBXSourcesBuildPhase section */

/* Begin PBXVariantGroup section */
		916DBDA1268A144A00CC62BE /* LaunchScreen.storyboard */ = {
			isa = PBXVariantGroup;
			children = (
				916DBDA2268A144A00CC62BE /* Base */,
			);
			name = LaunchScreen.storyboard;
			sourceTree = "<group>";
		};
/* End PBXVariantGroup section */

/* Begin XCBuildConfiguration section */
		916DBDA5268A144A00CC62BE /* Debug */ = {
			isa = XCBuildConfiguration;
			buildSettings = {
				ALWAYS_SEARCH_USER_PATHS = NO;
				CLANG_ANALYZER_NONNULL = YES;
				CLANG_ANALYZER_NUMBER_OBJECT_CONVERSION = YES_AGGRESSIVE;
				CLANG_CXX_LANGUAGE_STANDARD = "gnu++14";
				CLANG_CXX_LIBRARY = "libc++";
				CLANG_ENABLE_MODULES = YES;
				CLANG_ENABLE_OBJC_ARC = YES;
				CLANG_ENABLE_OBJC_WEAK = YES;
				CLANG_WARN_BLOCK_CAPTURE_AUTORELEASING = YES;
				CLANG_WARN_BOOL_CONVERSION = YES;
				CLANG_WARN_COMMA = YES;
				CLANG_WARN_CONSTANT_CONVERSION = YES;
				CLANG_WARN_DEPRECATED_OBJC_IMPLEMENTATIONS = YES;
				CLANG_WARN_DIRECT_OBJC_ISA_USAGE = YES_ERROR;
				CLANG_WARN_DOCUMENTATION_COMMENTS = YES;
				CLANG_WARN_EMPTY_BODY = YES;
				CLANG_WARN_ENUM_CONVERSION = YES;
				CLANG_WARN_INFINITE_RECURSION = YES;
				CLANG_WARN_INT_CONVERSION = YES;
				CLANG_WARN_NON_LITERAL_NULL_CONVERSION = YES;
				CLANG_WARN_OBJC_IMPLICIT_RETAIN_SELF = YES;
				CLANG_WARN_OBJC_LITERAL_CONVERSION = YES;
				CLANG_WARN_OBJC_ROOT_CLASS = YES_ERROR;
				CLANG_WARN_QUOTED_INCLUDE_IN_FRAMEWORK_HEADER = YES;
				CLANG_WARN_RANGE_LOOP_ANALYSIS = YES;
				CLANG_WARN_STRICT_PROTOTYPES = YES;
				CLANG_WARN_SUSPICIOUS_MOVE = YES;
				CLANG_WARN_UNGUARDED_AVAILABILITY = YES_AGGRESSIVE;
				CLANG_WARN_UNREACHABLE_CODE = YES;
				CLANG_WARN__DUPLICATE_METHOD_MATCH = YES;
				COPY_PHASE_STRIP = NO;
				DEBUG_INFORMATION_FORMAT = dwarf;
				ENABLE_STRICT_OBJC_MSGSEND = YES;
				ENABLE_TESTABILITY = YES;
				GCC_C_LANGUAGE_STANDARD = gnu11;
				GCC_DYNAMIC_NO_PIC = NO;
				GCC_NO_COMMON_BLOCKS = YES;
				GCC_OPTIMIZATION_LEVEL = 0;
				GCC_PREPROCESSOR_DEFINITIONS = (
					"DEBUG=1",
					"$(inherited)",
				);
				GCC_WARN_64_TO_32_BIT_CONVERSION = YES;
				GCC_WARN_ABOUT_RETURN_TYPE = YES_ERROR;
				GCC_WARN_UNDECLARED_SELECTOR = YES;
				GCC_WARN_UNINITIALIZED_AUTOS = YES_AGGRESSIVE;
				GCC_WARN_UNUSED_FUNCTION = YES;
				GCC_WARN_UNUSED_VARIABLE = YES;
				IPHONEOS_DEPLOYMENT_TARGET = 14.5;
				MTL_ENABLE_DEBUG_INFO = INCLUDE_SOURCE;
				MTL_FAST_MATH = YES;
				ONLY_ACTIVE_ARCH = YES;
				SDKROOT = iphoneos;
				SWIFT_ACTIVE_COMPILATION_CONDITIONS = DEBUG;
				SWIFT_OPTIMIZATION_LEVEL = "-Onone";
			};
			name = Debug;
		};
		916DBDA6268A144A00CC62BE /* Release */ = {
			isa = XCBuildConfiguration;
			buildSettings = {
				ALWAYS_SEARCH_USER_PATHS = NO;
				CLANG_ANALYZER_NONNULL = YES;
				CLANG_ANALYZER_NUMBER_OBJECT_CONVERSION = YES_AGGRESSIVE;
				CLANG_CXX_LANGUAGE_STANDARD = "gnu++14";
				CLANG_CXX_LIBRARY = "libc++";
				CLANG_ENABLE_MODULES = YES;
				CLANG_ENABLE_OBJC_ARC = YES;
				CLANG_ENABLE_OBJC_WEAK = YES;
				CLANG_WARN_BLOCK_CAPTURE_AUTORELEASING = YES;
				CLANG_WARN_BOOL_CONVERSION = YES;
				CLANG_WARN_COMMA = YES;
				CLANG_WARN_CONSTANT_CONVERSION = YES;
				CLANG_WARN_DEPRECATED_OBJC_IMPLEMENTATIONS = YES;
				CLANG_WARN_DIRECT_OBJC_ISA_USAGE = YES_ERROR;
				CLANG_WARN_DOCUMENTATION_COMMENTS = YES;
				CLANG_WARN_EMPTY_BODY = YES;
				CLANG_WARN_ENUM_CONVERSION = YES;
				CLANG_WARN_INFINITE_RECURSION = YES;
				CLANG_WARN_INT_CONVERSION = YES;
				CLANG_WARN_NON_LITERAL_NULL_CONVERSION = YES;
				CLANG_WARN_OBJC_IMPLICIT_RETAIN_SELF = YES;
				CLANG_WARN_OBJC_LITERAL_CONVERSION = YES;
				CLANG_WARN_OBJC_ROOT_CLASS = YES_ERROR;
				CLANG_WARN_QUOTED_INCLUDE_IN_FRAMEWORK_HEADER = YES;
				CLANG_WARN_RANGE_LOOP_ANALYSIS = YES;
				CLANG_WARN_STRICT_PROTOTYPES = YES;
				CLANG_WARN_SUSPICIOUS_MOVE = YES;
				CLANG_WARN_UNGUARDED_AVAILABILITY = YES_AGGRESSIVE;
				CLANG_WARN_UNREACHABLE_CODE = YES;
				CLANG_WARN__DUPLICATE_METHOD_MATCH = YES;
				COPY_PHASE_STRIP = NO;
				DEBUG_INFORMATION_FORMAT = "dwarf-with-dsym";
				ENABLE_NS_ASSERTIONS = NO;
				ENABLE_STRICT_OBJC_MSGSEND = YES;
				GCC_C_LANGUAGE_STANDARD = gnu11;
				GCC_NO_COMMON_BLOCKS = YES;
				GCC_WARN_64_TO_32_BIT_CONVERSION = YES;
				GCC_WARN_ABOUT_RETURN_TYPE = YES_ERROR;
				GCC_WARN_UNDECLARED_SELECTOR = YES;
				GCC_WARN_UNINITIALIZED_AUTOS = YES_AGGRESSIVE;
				GCC_WARN_UNUSED_FUNCTION = YES;
				GCC_WARN_UNUSED_VARIABLE = YES;
				IPHONEOS_DEPLOYMENT_TARGET = 14.5;
				MTL_ENABLE_DEBUG_INFO = NO;
				MTL_FAST_MATH = YES;
				SDKROOT = iphoneos;
				SWIFT_COMPILATION_MODE = wholemodule;
				SWIFT_OPTIMIZATION_LEVEL = "-O";
				VALIDATE_PRODUCT = YES;
			};
			name = Release;
		};
		916DBDA8268A144A00CC62BE /* Debug */ = {
			isa = XCBuildConfiguration;
			baseConfigurationReference = 2B6931240ADEBC224D391CD0 /* Pods-Jusan Test.debug.xcconfig */;
			buildSettings = {
				ASSETCATALOG_COMPILER_APPICON_NAME = AppIcon;
				ASSETCATALOG_COMPILER_GLOBAL_ACCENT_COLOR_NAME = AccentColor;
				CODE_SIGN_STYLE = Automatic;
				DEVELOPMENT_TEAM = Y46RALJ95A;
				INFOPLIST_FILE = "Jusan Test/Supporting Files/Info.plist";
				LD_RUNPATH_SEARCH_PATHS = (
					"$(inherited)",
					"@executable_path/Frameworks",
				);
				PRODUCT_BUNDLE_IDENTIFIER = "kz.rauan.Jusan-Test";
				PRODUCT_NAME = "$(TARGET_NAME)";
				SWIFT_VERSION = 5.0;
				TARGETED_DEVICE_FAMILY = 1;
			};
			name = Debug;
		};
		916DBDA9268A144A00CC62BE /* Release */ = {
			isa = XCBuildConfiguration;
			baseConfigurationReference = FF0F6AE346818163759A5010 /* Pods-Jusan Test.release.xcconfig */;
			buildSettings = {
				ASSETCATALOG_COMPILER_APPICON_NAME = AppIcon;
				ASSETCATALOG_COMPILER_GLOBAL_ACCENT_COLOR_NAME = AccentColor;
				CODE_SIGN_STYLE = Automatic;
				DEVELOPMENT_TEAM = Y46RALJ95A;
				INFOPLIST_FILE = "Jusan Test/Supporting Files/Info.plist";
				LD_RUNPATH_SEARCH_PATHS = (
					"$(inherited)",
					"@executable_path/Frameworks",
				);
				PRODUCT_BUNDLE_IDENTIFIER = "kz.rauan.Jusan-Test";
				PRODUCT_NAME = "$(TARGET_NAME)";
				SWIFT_VERSION = 5.0;
				TARGETED_DEVICE_FAMILY = 1;
			};
			name = Release;
		};
/* End XCBuildConfiguration section */

/* Begin XCConfigurationList section */
		916DBD8E268A144700CC62BE /* Build configuration list for PBXProject "Jusan Test" */ = {
			isa = XCConfigurationList;
			buildConfigurations = (
				916DBDA5268A144A00CC62BE /* Debug */,
				916DBDA6268A144A00CC62BE /* Release */,
			);
			defaultConfigurationIsVisible = 0;
			defaultConfigurationName = Release;
		};
		916DBDA7268A144A00CC62BE /* Build configuration list for PBXNativeTarget "Jusan Test" */ = {
			isa = XCConfigurationList;
			buildConfigurations = (
				916DBDA8268A144A00CC62BE /* Debug */,
				916DBDA9268A144A00CC62BE /* Release */,
			);
			defaultConfigurationIsVisible = 0;
			defaultConfigurationName = Release;
		};
/* End XCConfigurationList section */
	};
	rootObject = 916DBD8B268A144700CC62BE /* Project object */;
}
