// !$*UTF8*$!
{
	archiveVersion = 1;
	classes = {
	};
	objectVersion = 51;
	objects = {

/* Begin PBXBuildFile section */
		916DBD97268A144700CC62BE /* AppDelegate.swift in Sources */ = {isa = PBXBuildFile; fileRef = 916DBD96268A144700CC62BE /* AppDelegate.swift */; };
		916DBDA0268A144A00CC62BE /* Assets.xcassets in Resources */ = {isa = PBXBuildFile; fileRef = 916DBD9F268A144A00CC62BE /* Assets.xcassets */; };
		916DBDA3268A144A00CC62BE /* LaunchScreen.storyboard in Resources */ = {isa = PBXBuildFile; fileRef = 916DBDA1268A144A00CC62BE /* LaunchScreen.storyboard */; };
		916DBDB2268A169700CC62BE /* TabBarViewController.swift in Sources */ = {isa = PBXBuildFile; fileRef = 916DBDB1268A169700CC62BE /* TabBarViewController.swift */; };
		916DBDB4268A178400CC62BE /* TabBarBuilder.swift in Sources */ = {isa = PBXBuildFile; fileRef = 916DBDB3268A178400CC62BE /* TabBarBuilder.swift */; };
		916DBDB6268A17A100CC62BE /* TabBar+State.swift in Sources */ = {isa = PBXBuildFile; fileRef = 916DBDB5268A17A100CC62BE /* TabBar+State.swift */; };
		916DBDBA268A18BB00CC62BE /* ModuleBuilderProtocol.swift in Sources */ = {isa = PBXBuildFile; fileRef = 916DBDB9268A18BB00CC62BE /* ModuleBuilderProtocol.swift */; };
		918BBB59268A1BED005AA04F /* Assets.swift in Sources */ = {isa = PBXBuildFile; fileRef = 918BBB58268A1BED005AA04F /* Assets.swift */; };
		918BBB62268A1FFA005AA04F /* NewsTabViewController.swift in Sources */ = {isa = PBXBuildFile; fileRef = 918BBB61268A1FFA005AA04F /* NewsTabViewController.swift */; };
		918BBB66268A2097005AA04F /* NewsTabBuilder.swift in Sources */ = {isa = PBXBuildFile; fileRef = 918BBB65268A2097005AA04F /* NewsTabBuilder.swift */; };
		918BBB68268A20BD005AA04F /* NewsTab+State.swift in Sources */ = {isa = PBXBuildFile; fileRef = 918BBB67268A20BD005AA04F /* NewsTab+State.swift */; };
		918BBB6B268A2178005AA04F /* NewsTabView.swift in Sources */ = {isa = PBXBuildFile; fileRef = 918BBB6A268A2178005AA04F /* NewsTabView.swift */; };
		918BBB6D268A222E005AA04F /* NewsTab+CollectionView.swift in Sources */ = {isa = PBXBuildFile; fileRef = 918BBB6C268A222E005AA04F /* NewsTab+CollectionView.swift */; };
		918BBB6F268A226D005AA04F /* NewsTab+Section.swift in Sources */ = {isa = PBXBuildFile; fileRef = 918BBB6E268A226D005AA04F /* NewsTab+Section.swift */; };
		918BBB72268A2372005AA04F /* NewsTabCell.swift in Sources */ = {isa = PBXBuildFile; fileRef = 918BBB71268A2372005AA04F /* NewsTabCell.swift */; };
		918BBB75268A2436005AA04F /* NewsTabCellViewModel.swift in Sources */ = {isa = PBXBuildFile; fileRef = 918BBB74268A2436005AA04F /* NewsTabCellViewModel.swift */; };
		918BBB78268A259B005AA04F /* UITableView+Register.swift in Sources */ = {isa = PBXBuildFile; fileRef = 918BBB77268A259B005AA04F /* UITableView+Register.swift */; };
		918BBB7A268A25BD005AA04F /* UITableView+Dequeue.swift in Sources */ = {isa = PBXBuildFile; fileRef = 918BBB79268A25BD005AA04F /* UITableView+Dequeue.swift */; };
		918BBB7E268A266C005AA04F /* UICollectionView+Dequeue.swift in Sources */ = {isa = PBXBuildFile; fileRef = 918BBB7D268A266C005AA04F /* UICollectionView+Dequeue.swift */; };
		918BBB80268A2681005AA04F /* UICollectionView+Register.swift in Sources */ = {isa = PBXBuildFile; fileRef = 918BBB7F268A2681005AA04F /* UICollectionView+Register.swift */; };
		918BBB84268A2B17005AA04F /* NewsPagerViewController.swift in Sources */ = {isa = PBXBuildFile; fileRef = 918BBB83268A2B17005AA04F /* NewsPagerViewController.swift */; };
		918BBB86268A2B76005AA04F /* NewsPager+State.swift in Sources */ = {isa = PBXBuildFile; fileRef = 918BBB85268A2B76005AA04F /* NewsPager+State.swift */; };
		918BBB88268A2C94005AA04F /* NewsPager+Pager.swift in Sources */ = {isa = PBXBuildFile; fileRef = 918BBB87268A2C94005AA04F /* NewsPager+Pager.swift */; };
		918BBB8B268A2D2C005AA04F /* CollectionExtensions.swift in Sources */ = {isa = PBXBuildFile; fileRef = 918BBB8A268A2D2C005AA04F /* CollectionExtensions.swift */; };
		918BBB8D268A2E13005AA04F /* NewsPagerBuilder.swift in Sources */ = {isa = PBXBuildFile; fileRef = 918BBB8C268A2E13005AA04F /* NewsPagerBuilder.swift */; };
		918BBB8F268A2E5F005AA04F /* NewsTab+Pager.swift in Sources */ = {isa = PBXBuildFile; fileRef = 918BBB8E268A2E5F005AA04F /* NewsTab+Pager.swift */; };
		91B0BFE0268B706400A40B6B /* ServerErrorCode.swift in Sources */ = {isa = PBXBuildFile; fileRef = 91B0BFDF268B706400A40B6B /* ServerErrorCode.swift */; };
		91B0BFE2268B70C000A40B6B /* NetworkError.swift in Sources */ = {isa = PBXBuildFile; fileRef = 91B0BFE1268B70C000A40B6B /* NetworkError.swift */; };
		91B0BFE4268B733900A40B6B /* News+Network.swift in Sources */ = {isa = PBXBuildFile; fileRef = 91B0BFE3268B733900A40B6B /* News+Network.swift */; };
		91B0BFE6268B742B00A40B6B /* News+DisplayLogic.swift in Sources */ = {isa = PBXBuildFile; fileRef = 91B0BFE5268B742B00A40B6B /* News+DisplayLogic.swift */; };
		91B0BFE9268B796F00A40B6B /* DictionaryExtensions.swift in Sources */ = {isa = PBXBuildFile; fileRef = 91B0BFE8268B796F00A40B6B /* DictionaryExtensions.swift */; };
		91B0BFEC268B7B6C00A40B6B /* NewsView.swift in Sources */ = {isa = PBXBuildFile; fileRef = 91B0BFEB268B7B6C00A40B6B /* NewsView.swift */; };
		91B0BFEE268B7C0C00A40B6B /* News+TableView.swift in Sources */ = {isa = PBXBuildFile; fileRef = 91B0BFED268B7C0C00A40B6B /* News+TableView.swift */; };
		91B0BFF0268B7C3F00A40B6B /* News+Section.swift in Sources */ = {isa = PBXBuildFile; fileRef = 91B0BFEF268B7C3F00A40B6B /* News+Section.swift */; };
		91B0BFF3268B7D4900A40B6B /* NewsCell.swift in Sources */ = {isa = PBXBuildFile; fileRef = 91B0BFF2268B7D4900A40B6B /* NewsCell.swift */; };
		91B0BFF6268B7EE100A40B6B /* NewsCellViewModel.swift in Sources */ = {isa = PBXBuildFile; fileRef = 91B0BFF5268B7EE100A40B6B /* NewsCellViewModel.swift */; };
		91F9B1C1268A306C00A34403 /* NewsViewController.swift in Sources */ = {isa = PBXBuildFile; fileRef = 91F9B1C0268A306C00A34403 /* NewsViewController.swift */; };
		91F9B1C4268A309B00A34403 /* NewsPage.swift in Sources */ = {isa = PBXBuildFile; fileRef = 91F9B1C3268A309B00A34403 /* NewsPage.swift */; };
		91F9B1C6268A326700A34403 /* News+State.swift in Sources */ = {isa = PBXBuildFile; fileRef = 91F9B1C5268A326700A34403 /* News+State.swift */; };
		91F9B1C8268A330B00A34403 /* NewsBuilder.swift in Sources */ = {isa = PBXBuildFile; fileRef = 91F9B1C7268A330B00A34403 /* NewsBuilder.swift */; };
		91F9B1CB268A361000A34403 /* NewsEndPoints.swift in Sources */ = {isa = PBXBuildFile; fileRef = 91F9B1CA268A361000A34403 /* NewsEndPoints.swift */; };
		91F9B1CE268A367A00A34403 /* Configurations.swift in Sources */ = {isa = PBXBuildFile; fileRef = 91F9B1CD268A367A00A34403 /* Configurations.swift */; };
		91F9B1D0268A36D200A34403 /* ConfigurationKeys.swift in Sources */ = {isa = PBXBuildFile; fileRef = 91F9B1CF268A36D200A34403 /* ConfigurationKeys.swift */; };
		91F9B1D2268A38BF00A34403 /* Filter.swift in Sources */ = {isa = PBXBuildFile; fileRef = 91F9B1D1268A38BF00A34403 /* Filter.swift */; };
		91F9B1D4268A38FC00A34403 /* NewsDTO.swift in Sources */ = {isa = PBXBuildFile; fileRef = 91F9B1D3268A38FC00A34403 /* NewsDTO.swift */; };
		91F9B1D6268A39C200A34403 /* SourceDTO.swift in Sources */ = {isa = PBXBuildFile; fileRef = 91F9B1D5268A39C200A34403 /* SourceDTO.swift */; };
		91F9B1D9268A3B5200A34403 /* JSON.swift in Sources */ = {isa = PBXBuildFile; fileRef = 91F9B1D8268A3B5200A34403 /* JSON.swift */; };
		91F9B1DB268A3C4700A34403 /* NewsInteractor.swift in Sources */ = {isa = PBXBuildFile; fileRef = 91F9B1DA268A3C4700A34403 /* NewsInteractor.swift */; };
		91F9B1DD268A3C7F00A34403 /* NewsPresenter.swift in Sources */ = {isa = PBXBuildFile; fileRef = 91F9B1DC268A3C7F00A34403 /* NewsPresenter.swift */; };
		91F9B1DF268A3CAB00A34403 /* News+DataFlow.swift in Sources */ = {isa = PBXBuildFile; fileRef = 91F9B1DE268A3CAB00A34403 /* News+DataFlow.swift */; };
		91F9B1E1268A3D3500A34403 /* NewsProvider.swift in Sources */ = {isa = PBXBuildFile; fileRef = 91F9B1E0268A3D3500A34403 /* NewsProvider.swift */; };
		91F9B1E3268A3E7600A34403 /* NewsService.swift in Sources */ = {isa = PBXBuildFile; fileRef = 91F9B1E2268A3E7600A34403 /* NewsService.swift */; };
		91F9B1E5268A3EAC00A34403 /* NetworkResult.swift in Sources */ = {isa = PBXBuildFile; fileRef = 91F9B1E4268A3EAC00A34403 /* NetworkResult.swift */; };
		91F9B1E9268A3F2400A34403 /* NetworkProvider.swift in Sources */ = {isa = PBXBuildFile; fileRef = 91F9B1E8268A3F2400A34403 /* NetworkProvider.swift */; };
		C02B170E763392328429F113 /* Pods_Jusan_Test.framework in Frameworks */ = {isa = PBXBuildFile; fileRef = 0B17DFB34B41DF4A3BB762E1 /* Pods_Jusan_Test.framework */; };
/* End PBXBuildFile section */

/* Begin PBXFileReference section */
		0B17DFB34B41DF4A3BB762E1 /* Pods_Jusan_Test.framework */ = {isa = PBXFileReference; explicitFileType = wrapper.framework; includeInIndex = 0; path = Pods_Jusan_Test.framework; sourceTree = BUILT_PRODUCTS_DIR; };
		2B6931240ADEBC224D391CD0 /* Pods-Jusan Test.debug.xcconfig */ = {isa = PBXFileReference; includeInIndex = 1; lastKnownFileType = text.xcconfig; name = "Pods-Jusan Test.debug.xcconfig"; path = "Target Support Files/Pods-Jusan Test/Pods-Jusan Test.debug.xcconfig"; sourceTree = "<group>"; };
		916DBD93268A144700CC62BE /* Jusan Test.app */ = {isa = PBXFileReference; explicitFileType = wrapper.application; includeInIndex = 0; path = "Jusan Test.app"; sourceTree = BUILT_PRODUCTS_DIR; };
		916DBD96268A144700CC62BE /* AppDelegate.swift */ = {isa = PBXFileReference; lastKnownFileType = sourcecode.swift; path = AppDelegate.swift; sourceTree = "<group>"; };
		916DBD9F268A144A00CC62BE /* Assets.xcassets */ = {isa = PBXFileReference; lastKnownFileType = folder.assetcatalog; path = Assets.xcassets; sourceTree = "<group>"; };
		916DBDA2268A144A00CC62BE /* Base */ = {isa = PBXFileReference; lastKnownFileType = file.storyboard; name = Base; path = Base.lproj/LaunchScreen.storyboard; sourceTree = "<group>"; };
		916DBDA4268A144A00CC62BE /* Info.plist */ = {isa = PBXFileReference; lastKnownFileType = text.plist.xml; path = Info.plist; sourceTree = "<group>"; };
		916DBDB1268A169700CC62BE /* TabBarViewController.swift */ = {isa = PBXFileReference; lastKnownFileType = sourcecode.swift; path = TabBarViewController.swift; sourceTree = "<group>"; };
		916DBDB3268A178400CC62BE /* TabBarBuilder.swift */ = {isa = PBXFileReference; lastKnownFileType = sourcecode.swift; path = TabBarBuilder.swift; sourceTree = "<group>"; };
		916DBDB5268A17A100CC62BE /* TabBar+State.swift */ = {isa = PBXFileReference; lastKnownFileType = sourcecode.swift; path = "TabBar+State.swift"; sourceTree = "<group>"; };
		916DBDB9268A18BB00CC62BE /* ModuleBuilderProtocol.swift */ = {isa = PBXFileReference; lastKnownFileType = sourcecode.swift; path = ModuleBuilderProtocol.swift; sourceTree = "<group>"; };
		918BBB58268A1BED005AA04F /* Assets.swift */ = {isa = PBXFileReference; fileEncoding = 4; lastKnownFileType = sourcecode.swift; path = Assets.swift; sourceTree = SOURCE_ROOT; };
		918BBB61268A1FFA005AA04F /* NewsTabViewController.swift */ = {isa = PBXFileReference; lastKnownFileType = sourcecode.swift; path = NewsTabViewController.swift; sourceTree = "<group>"; };
		918BBB65268A2097005AA04F /* NewsTabBuilder.swift */ = {isa = PBXFileReference; lastKnownFileType = sourcecode.swift; path = NewsTabBuilder.swift; sourceTree = "<group>"; };
		918BBB67268A20BD005AA04F /* NewsTab+State.swift */ = {isa = PBXFileReference; lastKnownFileType = sourcecode.swift; path = "NewsTab+State.swift"; sourceTree = "<group>"; };
		918BBB6A268A2178005AA04F /* NewsTabView.swift */ = {isa = PBXFileReference; lastKnownFileType = sourcecode.swift; path = NewsTabView.swift; sourceTree = "<group>"; };
		918BBB6C268A222E005AA04F /* NewsTab+CollectionView.swift */ = {isa = PBXFileReference; lastKnownFileType = sourcecode.swift; path = "NewsTab+CollectionView.swift"; sourceTree = "<group>"; };
		918BBB6E268A226D005AA04F /* NewsTab+Section.swift */ = {isa = PBXFileReference; lastKnownFileType = sourcecode.swift; path = "NewsTab+Section.swift"; sourceTree = "<group>"; };
		918BBB71268A2372005AA04F /* NewsTabCell.swift */ = {isa = PBXFileReference; lastKnownFileType = sourcecode.swift; path = NewsTabCell.swift; sourceTree = "<group>"; };
		918BBB74268A2436005AA04F /* NewsTabCellViewModel.swift */ = {isa = PBXFileReference; lastKnownFileType = sourcecode.swift; path = NewsTabCellViewModel.swift; sourceTree = "<group>"; };
		918BBB77268A259B005AA04F /* UITableView+Register.swift */ = {isa = PBXFileReference; lastKnownFileType = sourcecode.swift; path = "UITableView+Register.swift"; sourceTree = "<group>"; };
		918BBB79268A25BD005AA04F /* UITableView+Dequeue.swift */ = {isa = PBXFileReference; lastKnownFileType = sourcecode.swift; path = "UITableView+Dequeue.swift"; sourceTree = "<group>"; };
		918BBB7D268A266C005AA04F /* UICollectionView+Dequeue.swift */ = {isa = PBXFileReference; lastKnownFileType = sourcecode.swift; path = "UICollectionView+Dequeue.swift"; sourceTree = "<group>"; };
		918BBB7F268A2681005AA04F /* UICollectionView+Register.swift */ = {isa = PBXFileReference; lastKnownFileType = sourcecode.swift; path = "UICollectionView+Register.swift"; sourceTree = "<group>"; };
		918BBB83268A2B17005AA04F /* NewsPagerViewController.swift */ = {isa = PBXFileReference; lastKnownFileType = sourcecode.swift; path = NewsPagerViewController.swift; sourceTree = "<group>"; };
		918BBB85268A2B76005AA04F /* NewsPager+State.swift */ = {isa = PBXFileReference; lastKnownFileType = sourcecode.swift; path = "NewsPager+State.swift"; sourceTree = "<group>"; };
		918BBB87268A2C94005AA04F /* NewsPager+Pager.swift */ = {isa = PBXFileReference; lastKnownFileType = sourcecode.swift; path = "NewsPager+Pager.swift"; sourceTree = "<group>"; };
		918BBB8A268A2D2C005AA04F /* CollectionExtensions.swift */ = {isa = PBXFileReference; lastKnownFileType = sourcecode.swift; path = CollectionExtensions.swift; sourceTree = "<group>"; };
		918BBB8C268A2E13005AA04F /* NewsPagerBuilder.swift */ = {isa = PBXFileReference; lastKnownFileType = sourcecode.swift; path = NewsPagerBuilder.swift; sourceTree = "<group>"; };
		918BBB8E268A2E5F005AA04F /* NewsTab+Pager.swift */ = {isa = PBXFileReference; lastKnownFileType = sourcecode.swift; path = "NewsTab+Pager.swift"; sourceTree = "<group>"; };
		91B0BFDF268B706400A40B6B /* ServerErrorCode.swift */ = {isa = PBXFileReference; lastKnownFileType = sourcecode.swift; path = ServerErrorCode.swift; sourceTree = "<group>"; };
		91B0BFE1268B70C000A40B6B /* NetworkError.swift */ = {isa = PBXFileReference; lastKnownFileType = sourcecode.swift; path = NetworkError.swift; sourceTree = "<group>"; };
		91B0BFE3268B733900A40B6B /* News+Network.swift */ = {isa = PBXFileReference; lastKnownFileType = sourcecode.swift; path = "News+Network.swift"; sourceTree = "<group>"; };
		91B0BFE5268B742B00A40B6B /* News+DisplayLogic.swift */ = {isa = PBXFileReference; lastKnownFileType = sourcecode.swift; path = "News+DisplayLogic.swift"; sourceTree = "<group>"; };
		91B0BFE8268B796F00A40B6B /* DictionaryExtensions.swift */ = {isa = PBXFileReference; lastKnownFileType = sourcecode.swift; path = DictionaryExtensions.swift; sourceTree = "<group>"; };
		91B0BFEB268B7B6C00A40B6B /* NewsView.swift */ = {isa = PBXFileReference; lastKnownFileType = sourcecode.swift; path = NewsView.swift; sourceTree = "<group>"; };
		91B0BFED268B7C0C00A40B6B /* News+TableView.swift */ = {isa = PBXFileReference; lastKnownFileType = sourcecode.swift; path = "News+TableView.swift"; sourceTree = "<group>"; };
		91B0BFEF268B7C3F00A40B6B /* News+Section.swift */ = {isa = PBXFileReference; lastKnownFileType = sourcecode.swift; path = "News+Section.swift"; sourceTree = "<group>"; };
		91B0BFF2268B7D4900A40B6B /* NewsCell.swift */ = {isa = PBXFileReference; lastKnownFileType = sourcecode.swift; path = NewsCell.swift; sourceTree = "<group>"; };
		91B0BFF5268B7EE100A40B6B /* NewsCellViewModel.swift */ = {isa = PBXFileReference; lastKnownFileType = sourcecode.swift; path = NewsCellViewModel.swift; sourceTree = "<group>"; };
		91F9B1C0268A306C00A34403 /* NewsViewController.swift */ = {isa = PBXFileReference; lastKnownFileType = sourcecode.swift; path = NewsViewController.swift; sourceTree = "<group>"; };
		91F9B1C3268A309B00A34403 /* NewsPage.swift */ = {isa = PBXFileReference; lastKnownFileType = sourcecode.swift; path = NewsPage.swift; sourceTree = "<group>"; };
		91F9B1C5268A326700A34403 /* News+State.swift */ = {isa = PBXFileReference; lastKnownFileType = sourcecode.swift; path = "News+State.swift"; sourceTree = "<group>"; };
		91F9B1C7268A330B00A34403 /* NewsBuilder.swift */ = {isa = PBXFileReference; lastKnownFileType = sourcecode.swift; path = NewsBuilder.swift; sourceTree = "<group>"; };
		91F9B1CA268A361000A34403 /* NewsEndPoints.swift */ = {isa = PBXFileReference; lastKnownFileType = sourcecode.swift; path = NewsEndPoints.swift; sourceTree = "<group>"; };
		91F9B1CD268A367A00A34403 /* Configurations.swift */ = {isa = PBXFileReference; lastKnownFileType = sourcecode.swift; path = Configurations.swift; sourceTree = "<group>"; };
		91F9B1CF268A36D200A34403 /* ConfigurationKeys.swift */ = {isa = PBXFileReference; lastKnownFileType = sourcecode.swift; path = ConfigurationKeys.swift; sourceTree = "<group>"; };
		91F9B1D1268A38BF00A34403 /* Filter.swift */ = {isa = PBXFileReference; lastKnownFileType = sourcecode.swift; path = Filter.swift; sourceTree = "<group>"; };
		91F9B1D3268A38FC00A34403 /* NewsDTO.swift */ = {isa = PBXFileReference; lastKnownFileType = sourcecode.swift; path = NewsDTO.swift; sourceTree = "<group>"; };
		91F9B1D5268A39C200A34403 /* SourceDTO.swift */ = {isa = PBXFileReference; lastKnownFileType = sourcecode.swift; path = SourceDTO.swift; sourceTree = "<group>"; };
		91F9B1D8268A3B5200A34403 /* JSON.swift */ = {isa = PBXFileReference; lastKnownFileType = sourcecode.swift; path = JSON.swift; sourceTree = "<group>"; };
		91F9B1DA268A3C4700A34403 /* NewsInteractor.swift */ = {isa = PBXFileReference; lastKnownFileType = sourcecode.swift; path = NewsInteractor.swift; sourceTree = "<group>"; };
		91F9B1DC268A3C7F00A34403 /* NewsPresenter.swift */ = {isa = PBXFileReference; lastKnownFileType = sourcecode.swift; path = NewsPresenter.swift; sourceTree = "<group>"; };
		91F9B1DE268A3CAB00A34403 /* News+DataFlow.swift */ = {isa = PBXFileReference; lastKnownFileType = sourcecode.swift; path = "News+DataFlow.swift"; sourceTree = "<group>"; };
		91F9B1E0268A3D3500A34403 /* NewsProvider.swift */ = {isa = PBXFileReference; lastKnownFileType = sourcecode.swift; path = NewsProvider.swift; sourceTree = "<group>"; };
		91F9B1E2268A3E7600A34403 /* NewsService.swift */ = {isa = PBXFileReference; lastKnownFileType = sourcecode.swift; path = NewsService.swift; sourceTree = "<group>"; };
		91F9B1E4268A3EAC00A34403 /* NetworkResult.swift */ = {isa = PBXFileReference; lastKnownFileType = sourcecode.swift; path = NetworkResult.swift; sourceTree = "<group>"; };
		91F9B1E8268A3F2400A34403 /* NetworkProvider.swift */ = {isa = PBXFileReference; lastKnownFileType = sourcecode.swift; path = NetworkProvider.swift; sourceTree = "<group>"; };
		FF0F6AE346818163759A5010 /* Pods-Jusan Test.release.xcconfig */ = {isa = PBXFileReference; includeInIndex = 1; lastKnownFileType = text.xcconfig; name = "Pods-Jusan Test.release.xcconfig"; path = "Target Support Files/Pods-Jusan Test/Pods-Jusan Test.release.xcconfig"; sourceTree = "<group>"; };
/* End PBXFileReference section */

/* Begin PBXFrameworksBuildPhase section */
		916DBD90268A144700CC62BE /* Frameworks */ = {
			isa = PBXFrameworksBuildPhase;
			buildActionMask = 2147483647;
			files = (
				C02B170E763392328429F113 /* Pods_Jusan_Test.framework in Frameworks */,
			);
			runOnlyForDeploymentPostprocessing = 0;
		};
/* End PBXFrameworksBuildPhase section */

/* Begin PBXGroup section */
		22E2967BC349AFAD816159C5 /* Frameworks */ = {
			isa = PBXGroup;
			children = (
				0B17DFB34B41DF4A3BB762E1 /* Pods_Jusan_Test.framework */,
			);
			name = Frameworks;
			sourceTree = "<group>";
		};
		5F652A2C557EB986FDA3F1EB /* Pods */ = {
			isa = PBXGroup;
			children = (
				2B6931240ADEBC224D391CD0 /* Pods-Jusan Test.debug.xcconfig */,
				FF0F6AE346818163759A5010 /* Pods-Jusan Test.release.xcconfig */,
			);
			path = Pods;
			sourceTree = "<group>";
		};
		916DBD8A268A144600CC62BE = {
			isa = PBXGroup;
			children = (
				916DBD95268A144700CC62BE /* Jusan Test */,
				916DBD94268A144700CC62BE /* Products */,
				5F652A2C557EB986FDA3F1EB /* Pods */,
				22E2967BC349AFAD816159C5 /* Frameworks */,
			);
			sourceTree = "<group>";
		};
		916DBD94268A144700CC62BE /* Products */ = {
			isa = PBXGroup;
			children = (
				916DBD93268A144700CC62BE /* Jusan Test.app */,
			);
			name = Products;
			sourceTree = "<group>";
		};
		916DBD95268A144700CC62BE /* Jusan Test */ = {
			isa = PBXGroup;
			children = (
				916DBDAA268A149600CC62BE /* Application */,
				91F9B1E7268A3F1500A34403 /* Network */,
				916DBDAC268A14A400CC62BE /* Scenes */,
				916DBDAE268A14B900CC62BE /* Supporting Files */,
			);
			path = "Jusan Test";
			sourceTree = "<group>";
		};
		916DBDAA268A149600CC62BE /* Application */ = {
			isa = PBXGroup;
			children = (
				916DBDAB268A149B00CC62BE /* AppDelegate */,
			);
			path = Application;
			sourceTree = "<group>";
		};
		916DBDAB268A149B00CC62BE /* AppDelegate */ = {
			isa = PBXGroup;
			children = (
				916DBD96268A144700CC62BE /* AppDelegate.swift */,
			);
			path = AppDelegate;
			sourceTree = "<group>";
		};
		916DBDAC268A14A400CC62BE /* Scenes */ = {
			isa = PBXGroup;
			children = (
				916DBDB7268A18A700CC62BE /* Common */,
				916DBDAD268A14AD00CC62BE /* Launch Screen */,
				918BBB5B268A1F9A005AA04F /* News */,
				916DBDAF268A167D00CC62BE /* TabBar */,
			);
			path = Scenes;
			sourceTree = "<group>";
		};
		916DBDAD268A14AD00CC62BE /* Launch Screen */ = {
			isa = PBXGroup;
			children = (
				916DBDA1268A144A00CC62BE /* LaunchScreen.storyboard */,
			);
			path = "Launch Screen";
			sourceTree = "<group>";
		};
		916DBDAE268A14B900CC62BE /* Supporting Files */ = {
			isa = PBXGroup;
			children = (
				918BBB57268A1BD4005AA04F /* Assets */,
				916DBDA4268A144A00CC62BE /* Info.plist */,
			);
			path = "Supporting Files";
			sourceTree = "<group>";
		};
		916DBDAF268A167D00CC62BE /* TabBar */ = {
			isa = PBXGroup;
			children = (
				916DBDB0268A168800CC62BE /* Controller */,
				916DBDB3268A178400CC62BE /* TabBarBuilder.swift */,
			);
			path = TabBar;
			sourceTree = "<group>";
		};
		916DBDB0268A168800CC62BE /* Controller */ = {
			isa = PBXGroup;
			children = (
				916DBDB1268A169700CC62BE /* TabBarViewController.swift */,
				916DBDB5268A17A100CC62BE /* TabBar+State.swift */,
			);
			path = Controller;
			sourceTree = "<group>";
		};
		916DBDB7268A18A700CC62BE /* Common */ = {
			isa = PBXGroup;
			children = (
				91F9B1CC268A366C00A34403 /* Configurations */,
				918BBB76268A2584005AA04F /* Extensions */,
				91F9B1C2268A308C00A34403 /* Models */,
				916DBDB8268A18AD00CC62BE /* Protocols */,
				91F9B1D7268A3B3D00A34403 /* Typealiases */,
			);
			path = Common;
			sourceTree = "<group>";
		};
		916DBDB8268A18AD00CC62BE /* Protocols */ = {
			isa = PBXGroup;
			children = (
				916DBDB9268A18BB00CC62BE /* ModuleBuilderProtocol.swift */,
			);
			path = Protocols;
			sourceTree = "<group>";
		};
		918BBB57268A1BD4005AA04F /* Assets */ = {
			isa = PBXGroup;
			children = (
				918BBB58268A1BED005AA04F /* Assets.swift */,
				916DBD9F268A144A00CC62BE /* Assets.xcassets */,
			);
			path = Assets;
			sourceTree = "<group>";
		};
		918BBB5B268A1F9A005AA04F /* News */ = {
			isa = PBXGroup;
			children = (
				918BBB5F268A1FDB005AA04F /* Modules */,
			);
			path = News;
			sourceTree = "<group>";
		};
		918BBB5E268A1FCE005AA04F /* NewsTab */ = {
			isa = PBXGroup;
			children = (
				918BBB60268A1FEE005AA04F /* Controller */,
				918BBB69268A216C005AA04F /* View */,
				918BBB73268A2406005AA04F /* View Model */,
				918BBB65268A2097005AA04F /* NewsTabBuilder.swift */,
			);
			path = NewsTab;
			sourceTree = "<group>";
		};
		918BBB5F268A1FDB005AA04F /* Modules */ = {
			isa = PBXGroup;
			children = (
				91F9B1BE268A305400A34403 /* News */,
				918BBB5E268A1FCE005AA04F /* NewsTab */,
				918BBB81268A2AF3005AA04F /* NewsPager */,
			);
			path = Modules;
			sourceTree = "<group>";
		};
		918BBB60268A1FEE005AA04F /* Controller */ = {
			isa = PBXGroup;
			children = (
				918BBB61268A1FFA005AA04F /* NewsTabViewController.swift */,
				918BBB6C268A222E005AA04F /* NewsTab+CollectionView.swift */,
				918BBB8E268A2E5F005AA04F /* NewsTab+Pager.swift */,
				918BBB6E268A226D005AA04F /* NewsTab+Section.swift */,
				918BBB67268A20BD005AA04F /* NewsTab+State.swift */,
			);
			path = Controller;
			sourceTree = "<group>";
		};
		918BBB69268A216C005AA04F /* View */ = {
			isa = PBXGroup;
			children = (
				918BBB70268A2363005AA04F /* Cell */,
				918BBB6A268A2178005AA04F /* NewsTabView.swift */,
			);
			path = View;
			sourceTree = "<group>";
		};
		918BBB70268A2363005AA04F /* Cell */ = {
			isa = PBXGroup;
			children = (
				918BBB71268A2372005AA04F /* NewsTabCell.swift */,
			);
			path = Cell;
			sourceTree = "<group>";
		};
		918BBB73268A2406005AA04F /* View Model */ = {
			isa = PBXGroup;
			children = (
				918BBB74268A2436005AA04F /* NewsTabCellViewModel.swift */,
			);
			path = "View Model";
			sourceTree = "<group>";
		};
		918BBB76268A2584005AA04F /* Extensions */ = {
			isa = PBXGroup;
			children = (
				918BBB89268A2D1F005AA04F /* Collection */,
				918BBB7C268A265D005AA04F /* CollectionView */,
				91B0BFE7268B795E00A40B6B /* Dictionary */,
				918BBB7B268A2654005AA04F /* TableView */,
			);
			path = Extensions;
			sourceTree = "<group>";
		};
		918BBB7B268A2654005AA04F /* TableView */ = {
			isa = PBXGroup;
			children = (
				918BBB79268A25BD005AA04F /* UITableView+Dequeue.swift */,
				918BBB77268A259B005AA04F /* UITableView+Register.swift */,
			);
			path = TableView;
			sourceTree = "<group>";
		};
		918BBB7C268A265D005AA04F /* CollectionView */ = {
			isa = PBXGroup;
			children = (
				918BBB7D268A266C005AA04F /* UICollectionView+Dequeue.swift */,
				918BBB7F268A2681005AA04F /* UICollectionView+Register.swift */,
			);
			path = CollectionView;
			sourceTree = "<group>";
		};
		918BBB81268A2AF3005AA04F /* NewsPager */ = {
			isa = PBXGroup;
			children = (
				918BBB82268A2AFF005AA04F /* Controller */,
				918BBB8C268A2E13005AA04F /* NewsPagerBuilder.swift */,
			);
			path = NewsPager;
			sourceTree = "<group>";
		};
		918BBB82268A2AFF005AA04F /* Controller */ = {
			isa = PBXGroup;
			children = (
				918BBB83268A2B17005AA04F /* NewsPagerViewController.swift */,
				918BBB87268A2C94005AA04F /* NewsPager+Pager.swift */,
				918BBB85268A2B76005AA04F /* NewsPager+State.swift */,
			);
			path = Controller;
			sourceTree = "<group>";
		};
		918BBB89268A2D1F005AA04F /* Collection */ = {
			isa = PBXGroup;
			children = (
				918BBB8A268A2D2C005AA04F /* CollectionExtensions.swift */,
			);
			path = Collection;
			sourceTree = "<group>";
		};
		91B0BFE7268B795E00A40B6B /* Dictionary */ = {
			isa = PBXGroup;
			children = (
				91B0BFE8268B796F00A40B6B /* DictionaryExtensions.swift */,
			);
			path = Dictionary;
			sourceTree = "<group>";
		};
		91B0BFEA268B7B5D00A40B6B /* View */ = {
			isa = PBXGroup;
			children = (
				91B0BFF1268B7D3F00A40B6B /* Cell */,
				91B0BFEB268B7B6C00A40B6B /* NewsView.swift */,
			);
			path = View;
			sourceTree = "<group>";
		};
		91B0BFF1268B7D3F00A40B6B /* Cell */ = {
			isa = PBXGroup;
			children = (
				91B0BFF2268B7D4900A40B6B /* NewsCell.swift */,
			);
			path = Cell;
			sourceTree = "<group>";
		};
		91B0BFF4268B7ED400A40B6B /* View Model */ = {
			isa = PBXGroup;
			children = (
				91B0BFF5268B7EE100A40B6B /* NewsCellViewModel.swift */,
			);
			path = "View Model";
			sourceTree = "<group>";
		};
		91F9B1BE268A305400A34403 /* News */ = {
			isa = PBXGroup;
			children = (
				91F9B1BF268A306000A34403 /* Controller */,
				91F9B1C9268A35EB00A34403 /* Provider */,
				91B0BFEA268B7B5D00A40B6B /* View */,
				91B0BFF4268B7ED400A40B6B /* View Model */,
				91F9B1C7268A330B00A34403 /* NewsBuilder.swift */,
				91F9B1DE268A3CAB00A34403 /* News+DataFlow.swift */,
				91F9B1DA268A3C4700A34403 /* NewsInteractor.swift */,
				91F9B1DC268A3C7F00A34403 /* NewsPresenter.swift */,
			);
			path = News;
			sourceTree = "<group>";
		};
		91F9B1BF268A306000A34403 /* Controller */ = {
			isa = PBXGroup;
			children = (
				91F9B1C0268A306C00A34403 /* NewsViewController.swift */,
				91B0BFE5268B742B00A40B6B /* News+DisplayLogic.swift */,
				91B0BFE3268B733900A40B6B /* News+Network.swift */,
				91B0BFEF268B7C3F00A40B6B /* News+Section.swift */,
				91F9B1C5268A326700A34403 /* News+State.swift */,
				91B0BFED268B7C0C00A40B6B /* News+TableView.swift */,
			);
			path = Controller;
			sourceTree = "<group>";
		};
		91F9B1C2268A308C00A34403 /* Models */ = {
			isa = PBXGroup;
			children = (
				91F9B1D1268A38BF00A34403 /* Filter.swift */,
				91F9B1D3268A38FC00A34403 /* NewsDTO.swift */,
				91F9B1C3268A309B00A34403 /* NewsPage.swift */,
				91F9B1D5268A39C200A34403 /* SourceDTO.swift */,
			);
			path = Models;
			sourceTree = "<group>";
		};
		91F9B1C9268A35EB00A34403 /* Provider */ = {
			isa = PBXGroup;
			children = (
				91F9B1CA268A361000A34403 /* NewsEndPoints.swift */,
				91F9B1E0268A3D3500A34403 /* NewsProvider.swift */,
				91F9B1E2268A3E7600A34403 /* NewsService.swift */,
			);
			path = Provider;
			sourceTree = "<group>";
		};
		91F9B1CC268A366C00A34403 /* Configurations */ = {
			isa = PBXGroup;
			children = (
				91F9B1CD268A367A00A34403 /* Configurations.swift */,
				91F9B1CF268A36D200A34403 /* ConfigurationKeys.swift */,
			);
			path = Configurations;
			sourceTree = "<group>";
		};
		91F9B1D7268A3B3D00A34403 /* Typealiases */ = {
			isa = PBXGroup;
			children = (
				91F9B1D8268A3B5200A34403 /* JSON.swift */,
				91F9B1E4268A3EAC00A34403 /* NetworkResult.swift */,
			);
			path = Typealiases;
			sourceTree = "<group>";
		};
		91F9B1E7268A3F1500A34403 /* Network */ = {
			isa = PBXGroup;
			children = (
				91B0BFE1268B70C000A40B6B /* NetworkError.swift */,
				91F9B1E8268A3F2400A34403 /* NetworkProvider.swift */,
				91B0BFDF268B706400A40B6B /* ServerErrorCode.swift */,
			);
			path = Network;
			sourceTree = "<group>";
		};
/* End PBXGroup section */

/* Begin PBXNativeTarget section */
		916DBD92268A144700CC62BE /* Jusan Test */ = {
			isa = PBXNativeTarget;
			buildConfigurationList = 916DBDA7268A144A00CC62BE /* Build configuration list for PBXNativeTarget "Jusan Test" */;
			buildPhases = (
				ADCD57DA1995F899C35BCC37 /* [CP] Check Pods Manifest.lock */,
				916DBD8F268A144700CC62BE /* Sources */,
				916DBD90268A144700CC62BE /* Frameworks */,
				916DBD91268A144700CC62BE /* Resources */,
				F62C7AC0D83473C6AC3A2A2D /* [CP] Embed Pods Frameworks */,
			);
			buildRules = (
			);
			dependencies = (
			);
			name = "Jusan Test";
			productName = "Jusan Test";
			productReference = 916DBD93268A144700CC62BE /* Jusan Test.app */;
			productType = "com.apple.product-type.application";
		};
/* End PBXNativeTarget section */

/* Begin PBXProject section */
		916DBD8B268A144700CC62BE /* Project object */ = {
			isa = PBXProject;
			attributes = {
				LastSwiftUpdateCheck = 1250;
				LastUpgradeCheck = 1250;
				TargetAttributes = {
					916DBD92268A144700CC62BE = {
						CreatedOnToolsVersion = 12.5;
					};
				};
			};
			buildConfigurationList = 916DBD8E268A144700CC62BE /* Build configuration list for PBXProject "Jusan Test" */;
			compatibilityVersion = "Xcode 9.3";
			developmentRegion = en;
			hasScannedForEncodings = 0;
			knownRegions = (
				en,
				Base,
			);
			mainGroup = 916DBD8A268A144600CC62BE;
			productRefGroup = 916DBD94268A144700CC62BE /* Products */;
			projectDirPath = "";
			projectRoot = "";
			targets = (
				916DBD92268A144700CC62BE /* Jusan Test */,
			);
		};
/* End PBXProject section */

/* Begin PBXResourcesBuildPhase section */
		916DBD91268A144700CC62BE /* Resources */ = {
			isa = PBXResourcesBuildPhase;
			buildActionMask = 2147483647;
			files = (
				916DBDA3268A144A00CC62BE /* LaunchScreen.storyboard in Resources */,
				916DBDA0268A144A00CC62BE /* Assets.xcassets in Resources */,
			);
			runOnlyForDeploymentPostprocessing = 0;
		};
/* End PBXResourcesBuildPhase section */

/* Begin PBXShellScriptBuildPhase section */
		ADCD57DA1995F899C35BCC37 /* [CP] Check Pods Manifest.lock */ = {
			isa = PBXShellScriptBuildPhase;
			buildActionMask = 2147483647;
			files = (
			);
			inputFileListPaths = (
			);
			inputPaths = (
				"${PODS_PODFILE_DIR_PATH}/Podfile.lock",
				"${PODS_ROOT}/Manifest.lock",
			);
			name = "[CP] Check Pods Manifest.lock";
			outputFileListPaths = (
			);
			outputPaths = (
				"$(DERIVED_FILE_DIR)/Pods-Jusan Test-checkManifestLockResult.txt",
			);
			runOnlyForDeploymentPostprocessing = 0;
			shellPath = /bin/sh;
			shellScript = "diff \"${PODS_PODFILE_DIR_PATH}/Podfile.lock\" \"${PODS_ROOT}/Manifest.lock\" > /dev/null\nif [ $? != 0 ] ; then\n    # print error to STDERR\n    echo \"error: The sandbox is not in sync with the Podfile.lock. Run 'pod install' or update your CocoaPods installation.\" >&2\n    exit 1\nfi\n# This output is used by Xcode 'outputs' to avoid re-running this script phase.\necho \"SUCCESS\" > \"${SCRIPT_OUTPUT_FILE_0}\"\n";
			showEnvVarsInLog = 0;
		};
		F62C7AC0D83473C6AC3A2A2D /* [CP] Embed Pods Frameworks */ = {
			isa = PBXShellScriptBuildPhase;
			buildActionMask = 2147483647;
			files = (
			);
			inputFileListPaths = (
				"${PODS_ROOT}/Target Support Files/Pods-Jusan Test/Pods-Jusan Test-frameworks-${CONFIGURATION}-input-files.xcfilelist",
			);
			name = "[CP] Embed Pods Frameworks";
			outputFileListPaths = (
				"${PODS_ROOT}/Target Support Files/Pods-Jusan Test/Pods-Jusan Test-frameworks-${CONFIGURATION}-output-files.xcfilelist",
			);
			runOnlyForDeploymentPostprocessing = 0;
			shellPath = /bin/sh;
			shellScript = "\"${PODS_ROOT}/Target Support Files/Pods-Jusan Test/Pods-Jusan Test-frameworks.sh\"\n";
			showEnvVarsInLog = 0;
		};
/* End PBXShellScriptBuildPhase section */

/* Begin PBXSourcesBuildPhase section */
		916DBD8F268A144700CC62BE /* Sources */ = {
			isa = PBXSourcesBuildPhase;
			buildActionMask = 2147483647;
			files = (
				918BBB86268A2B76005AA04F /* NewsPager+State.swift in Sources */,
				91F9B1D9268A3B5200A34403 /* JSON.swift in Sources */,
				918BBB66268A2097005AA04F /* NewsTabBuilder.swift in Sources */,
				918BBB8F268A2E5F005AA04F /* NewsTab+Pager.swift in Sources */,
				91F9B1C1268A306C00A34403 /* NewsViewController.swift in Sources */,
				918BBB75268A2436005AA04F /* NewsTabCellViewModel.swift in Sources */,
				91B0BFEE268B7C0C00A40B6B /* News+TableView.swift in Sources */,
				918BBB8D268A2E13005AA04F /* NewsPagerBuilder.swift in Sources */,
				916DBDB4268A178400CC62BE /* TabBarBuilder.swift in Sources */,
				916DBDB2268A169700CC62BE /* TabBarViewController.swift in Sources */,
				918BBB6B268A2178005AA04F /* NewsTabView.swift in Sources */,
				91F9B1E3268A3E7600A34403 /* NewsService.swift in Sources */,
				918BBB59268A1BED005AA04F /* Assets.swift in Sources */,
				91B0BFF3268B7D4900A40B6B /* NewsCell.swift in Sources */,
				918BBB62268A1FFA005AA04F /* NewsTabViewController.swift in Sources */,
				91B0BFF6268B7EE100A40B6B /* NewsCellViewModel.swift in Sources */,
				91F9B1D2268A38BF00A34403 /* Filter.swift in Sources */,
				91F9B1C4268A309B00A34403 /* NewsPage.swift in Sources */,
				918BBB6F268A226D005AA04F /* NewsTab+Section.swift in Sources */,
				91F9B1E5268A3EAC00A34403 /* NetworkResult.swift in Sources */,
				918BBB6D268A222E005AA04F /* NewsTab+CollectionView.swift in Sources */,
				918BBB78268A259B005AA04F /* UITableView+Register.swift in Sources */,
				918BBB7E268A266C005AA04F /* UICollectionView+Dequeue.swift in Sources */,
				91B0BFE0268B706400A40B6B /* ServerErrorCode.swift in Sources */,
				91F9B1DD268A3C7F00A34403 /* NewsPresenter.swift in Sources */,
				918BBB80268A2681005AA04F /* UICollectionView+Register.swift in Sources */,
				91B0BFE2268B70C000A40B6B /* NetworkError.swift in Sources */,
				916DBDB6268A17A100CC62BE /* TabBar+State.swift in Sources */,
				91B0BFE9268B796F00A40B6B /* DictionaryExtensions.swift in Sources */,
				918BBB88268A2C94005AA04F /* NewsPager+Pager.swift in Sources */,
				91F9B1D4268A38FC00A34403 /* NewsDTO.swift in Sources */,
				916DBD97268A144700CC62BE /* AppDelegate.swift in Sources */,
				91F9B1DF268A3CAB00A34403 /* News+DataFlow.swift in Sources */,
				91F9B1E1268A3D3500A34403 /* NewsProvider.swift in Sources */,
				91B0BFF0268B7C3F00A40B6B /* News+Section.swift in Sources */,
				91F9B1DB268A3C4700A34403 /* NewsInteractor.swift in Sources */,
				91F9B1D0268A36D200A34403 /* ConfigurationKeys.swift in Sources */,
				91B0BFEC268B7B6C00A40B6B /* NewsView.swift in Sources */,
				91F9B1C8268A330B00A34403 /* NewsBuilder.swift in Sources */,
				91F9B1D6268A39C200A34403 /* SourceDTO.swift in Sources */,
				916DBDBA268A18BB00CC62BE /* ModuleBuilderProtocol.swift in Sources */,
				918BBB72268A2372005AA04F /* NewsTabCell.swift in Sources */,
				918BBB84268A2B17005AA04F /* NewsPagerViewController.swift in Sources */,
				91F9B1E9268A3F2400A34403 /* NetworkProvider.swift in Sources */,
				918BBB8B268A2D2C005AA04F /* CollectionExtensions.swift in Sources */,
				918BBB7A268A25BD005AA04F /* UITableView+Dequeue.swift in Sources */,
				91F9B1CE268A367A00A34403 /* Configurations.swift in Sources */,
				918BBB68268A20BD005AA04F /* NewsTab+State.swift in Sources */,
				91F9B1C6268A326700A34403 /* News+State.swift in Sources */,
				91B0BFE4268B733900A40B6B /* News+Network.swift in Sources */,
				91B0BFE6268B742B00A40B6B /* News+DisplayLogic.swift in Sources */,
				91F9B1CB268A361000A34403 /* NewsEndPoints.swift in Sources */,
			);
			runOnlyForDeploymentPostprocessing = 0;
		};
/* End PBXSourcesBuildPhase section */

/* Begin PBXVariantGroup section */
		916DBDA1268A144A00CC62BE /* LaunchScreen.storyboard */ = {
			isa = PBXVariantGroup;
			children = (
				916DBDA2268A144A00CC62BE /* Base */,
			);
			name = LaunchScreen.storyboard;
			sourceTree = "<group>";
		};
/* End PBXVariantGroup section */

/* Begin XCBuildConfiguration section */
		916DBDA5268A144A00CC62BE /* Debug */ = {
			isa = XCBuildConfiguration;
			buildSettings = {
				ALWAYS_SEARCH_USER_PATHS = NO;
				CLANG_ANALYZER_NONNULL = YES;
				CLANG_ANALYZER_NUMBER_OBJECT_CONVERSION = YES_AGGRESSIVE;
				CLANG_CXX_LANGUAGE_STANDARD = "gnu++14";
				CLANG_CXX_LIBRARY = "libc++";
				CLANG_ENABLE_MODULES = YES;
				CLANG_ENABLE_OBJC_ARC = YES;
				CLANG_ENABLE_OBJC_WEAK = YES;
				CLANG_WARN_BLOCK_CAPTURE_AUTORELEASING = YES;
				CLANG_WARN_BOOL_CONVERSION = YES;
				CLANG_WARN_COMMA = YES;
				CLANG_WARN_CONSTANT_CONVERSION = YES;
				CLANG_WARN_DEPRECATED_OBJC_IMPLEMENTATIONS = YES;
				CLANG_WARN_DIRECT_OBJC_ISA_USAGE = YES_ERROR;
				CLANG_WARN_DOCUMENTATION_COMMENTS = YES;
				CLANG_WARN_EMPTY_BODY = YES;
				CLANG_WARN_ENUM_CONVERSION = YES;
				CLANG_WARN_INFINITE_RECURSION = YES;
				CLANG_WARN_INT_CONVERSION = YES;
				CLANG_WARN_NON_LITERAL_NULL_CONVERSION = YES;
				CLANG_WARN_OBJC_IMPLICIT_RETAIN_SELF = YES;
				CLANG_WARN_OBJC_LITERAL_CONVERSION = YES;
				CLANG_WARN_OBJC_ROOT_CLASS = YES_ERROR;
				CLANG_WARN_QUOTED_INCLUDE_IN_FRAMEWORK_HEADER = YES;
				CLANG_WARN_RANGE_LOOP_ANALYSIS = YES;
				CLANG_WARN_STRICT_PROTOTYPES = YES;
				CLANG_WARN_SUSPICIOUS_MOVE = YES;
				CLANG_WARN_UNGUARDED_AVAILABILITY = YES_AGGRESSIVE;
				CLANG_WARN_UNREACHABLE_CODE = YES;
				CLANG_WARN__DUPLICATE_METHOD_MATCH = YES;
				COPY_PHASE_STRIP = NO;
				DEBUG_INFORMATION_FORMAT = dwarf;
				ENABLE_STRICT_OBJC_MSGSEND = YES;
				ENABLE_TESTABILITY = YES;
				GCC_C_LANGUAGE_STANDARD = gnu11;
				GCC_DYNAMIC_NO_PIC = NO;
				GCC_NO_COMMON_BLOCKS = YES;
				GCC_OPTIMIZATION_LEVEL = 0;
				GCC_PREPROCESSOR_DEFINITIONS = (
					"DEBUG=1",
					"$(inherited)",
				);
				GCC_WARN_64_TO_32_BIT_CONVERSION = YES;
				GCC_WARN_ABOUT_RETURN_TYPE = YES_ERROR;
				GCC_WARN_UNDECLARED_SELECTOR = YES;
				GCC_WARN_UNINITIALIZED_AUTOS = YES_AGGRESSIVE;
				GCC_WARN_UNUSED_FUNCTION = YES;
				GCC_WARN_UNUSED_VARIABLE = YES;
				IPHONEOS_DEPLOYMENT_TARGET = 14.5;
				MTL_ENABLE_DEBUG_INFO = INCLUDE_SOURCE;
				MTL_FAST_MATH = YES;
				ONLY_ACTIVE_ARCH = YES;
				SDKROOT = iphoneos;
				SWIFT_ACTIVE_COMPILATION_CONDITIONS = DEBUG;
				SWIFT_OPTIMIZATION_LEVEL = "-Onone";
			};
			name = Debug;
		};
		916DBDA6268A144A00CC62BE /* Release */ = {
			isa = XCBuildConfiguration;
			buildSettings = {
				ALWAYS_SEARCH_USER_PATHS = NO;
				CLANG_ANALYZER_NONNULL = YES;
				CLANG_ANALYZER_NUMBER_OBJECT_CONVERSION = YES_AGGRESSIVE;
				CLANG_CXX_LANGUAGE_STANDARD = "gnu++14";
				CLANG_CXX_LIBRARY = "libc++";
				CLANG_ENABLE_MODULES = YES;
				CLANG_ENABLE_OBJC_ARC = YES;
				CLANG_ENABLE_OBJC_WEAK = YES;
				CLANG_WARN_BLOCK_CAPTURE_AUTORELEASING = YES;
				CLANG_WARN_BOOL_CONVERSION = YES;
				CLANG_WARN_COMMA = YES;
				CLANG_WARN_CONSTANT_CONVERSION = YES;
				CLANG_WARN_DEPRECATED_OBJC_IMPLEMENTATIONS = YES;
				CLANG_WARN_DIRECT_OBJC_ISA_USAGE = YES_ERROR;
				CLANG_WARN_DOCUMENTATION_COMMENTS = YES;
				CLANG_WARN_EMPTY_BODY = YES;
				CLANG_WARN_ENUM_CONVERSION = YES;
				CLANG_WARN_INFINITE_RECURSION = YES;
				CLANG_WARN_INT_CONVERSION = YES;
				CLANG_WARN_NON_LITERAL_NULL_CONVERSION = YES;
				CLANG_WARN_OBJC_IMPLICIT_RETAIN_SELF = YES;
				CLANG_WARN_OBJC_LITERAL_CONVERSION = YES;
				CLANG_WARN_OBJC_ROOT_CLASS = YES_ERROR;
				CLANG_WARN_QUOTED_INCLUDE_IN_FRAMEWORK_HEADER = YES;
				CLANG_WARN_RANGE_LOOP_ANALYSIS = YES;
				CLANG_WARN_STRICT_PROTOTYPES = YES;
				CLANG_WARN_SUSPICIOUS_MOVE = YES;
				CLANG_WARN_UNGUARDED_AVAILABILITY = YES_AGGRESSIVE;
				CLANG_WARN_UNREACHABLE_CODE = YES;
				CLANG_WARN__DUPLICATE_METHOD_MATCH = YES;
				COPY_PHASE_STRIP = NO;
				DEBUG_INFORMATION_FORMAT = "dwarf-with-dsym";
				ENABLE_NS_ASSERTIONS = NO;
				ENABLE_STRICT_OBJC_MSGSEND = YES;
				GCC_C_LANGUAGE_STANDARD = gnu11;
				GCC_NO_COMMON_BLOCKS = YES;
				GCC_WARN_64_TO_32_BIT_CONVERSION = YES;
				GCC_WARN_ABOUT_RETURN_TYPE = YES_ERROR;
				GCC_WARN_UNDECLARED_SELECTOR = YES;
				GCC_WARN_UNINITIALIZED_AUTOS = YES_AGGRESSIVE;
				GCC_WARN_UNUSED_FUNCTION = YES;
				GCC_WARN_UNUSED_VARIABLE = YES;
				IPHONEOS_DEPLOYMENT_TARGET = 14.5;
				MTL_ENABLE_DEBUG_INFO = NO;
				MTL_FAST_MATH = YES;
				SDKROOT = iphoneos;
				SWIFT_COMPILATION_MODE = wholemodule;
				SWIFT_OPTIMIZATION_LEVEL = "-O";
				VALIDATE_PRODUCT = YES;
			};
			name = Release;
		};
		916DBDA8268A144A00CC62BE /* Debug */ = {
			isa = XCBuildConfiguration;
			baseConfigurationReference = 2B6931240ADEBC224D391CD0 /* Pods-Jusan Test.debug.xcconfig */;
			buildSettings = {
				ASSETCATALOG_COMPILER_APPICON_NAME = AppIcon;
				ASSETCATALOG_COMPILER_GLOBAL_ACCENT_COLOR_NAME = AccentColor;
				CODE_SIGN_STYLE = Automatic;
				DEVELOPMENT_TEAM = Y46RALJ95A;
				INFOPLIST_FILE = "Jusan Test/Supporting Files/Info.plist";
				LD_RUNPATH_SEARCH_PATHS = (
					"$(inherited)",
					"@executable_path/Frameworks",
				);
				PRODUCT_BUNDLE_IDENTIFIER = "kz.rauan.Jusan-Test";
				PRODUCT_NAME = "$(TARGET_NAME)";
				SWIFT_VERSION = 5.0;
				TARGETED_DEVICE_FAMILY = 1;
			};
			name = Debug;
		};
		916DBDA9268A144A00CC62BE /* Release */ = {
			isa = XCBuildConfiguration;
			baseConfigurationReference = FF0F6AE346818163759A5010 /* Pods-Jusan Test.release.xcconfig */;
			buildSettings = {
				ASSETCATALOG_COMPILER_APPICON_NAME = AppIcon;
				ASSETCATALOG_COMPILER_GLOBAL_ACCENT_COLOR_NAME = AccentColor;
				CODE_SIGN_STYLE = Automatic;
				DEVELOPMENT_TEAM = Y46RALJ95A;
				INFOPLIST_FILE = "Jusan Test/Supporting Files/Info.plist";
				LD_RUNPATH_SEARCH_PATHS = (
					"$(inherited)",
					"@executable_path/Frameworks",
				);
				PRODUCT_BUNDLE_IDENTIFIER = "kz.rauan.Jusan-Test";
				PRODUCT_NAME = "$(TARGET_NAME)";
				SWIFT_VERSION = 5.0;
				TARGETED_DEVICE_FAMILY = 1;
			};
			name = Release;
		};
/* End XCBuildConfiguration section */

/* Begin XCConfigurationList section */
		916DBD8E268A144700CC62BE /* Build configuration list for PBXProject "Jusan Test" */ = {
			isa = XCConfigurationList;
			buildConfigurations = (
				916DBDA5268A144A00CC62BE /* Debug */,
				916DBDA6268A144A00CC62BE /* Release */,
			);
			defaultConfigurationIsVisible = 0;
			defaultConfigurationName = Release;
		};
		916DBDA7268A144A00CC62BE /* Build configuration list for PBXNativeTarget "Jusan Test" */ = {
			isa = XCConfigurationList;
			buildConfigurations = (
				916DBDA8268A144A00CC62BE /* Debug */,
				916DBDA9268A144A00CC62BE /* Release */,
			);
			defaultConfigurationIsVisible = 0;
			defaultConfigurationName = Release;
		};
/* End XCConfigurationList section */
	};
	rootObject = 916DBD8B268A144700CC62BE /* Project object */;
}
